PODS:
  - DACircularProgress (2.3.1)
  - MBProgressHUD (1.0.0)
  - MWPhotoBrowser@guangmingzizai (2.2.3):
    - DACircularProgress (~> 2.3)
    - MBProgressHUD
    - pop (~> 1.0)
    - SDWebImage (~> 4.0)
  - pop (1.0.10)
  - SDWebImage (4.2.2):
    - SDWebImage/Core (= 4.2.2)
  - SDWebImage/Core (4.2.2)

DEPENDENCIES:
  - MWPhotoBrowser@guangmingzizai (from `../`)
  - pop

EXTERNAL SOURCES:
  MWPhotoBrowser@guangmingzizai:
    :path: ../

SPEC CHECKSUMS:
  DACircularProgress: 4dd437c0fc3da5161cb289e07ac449493d41db71
  MBProgressHUD: 4890f671c94e8a0f3cf959aa731e9de2f036d71a
  MWPhotoBrowser@guangmingzizai: a28ffae3c5a97f9971aae2fd09a402b39b0414a7
  pop: 82ca6b068ce9278fd350fd9dd09482a0ce9492e6
  SDWebImage: 89a9d32cd520bbb46eb14e541d5109b3564af198

PODFILE CHECKSUM: f8fa2f13460940f85a47449e0da120a5f56aa824

COCOAPODS: 1.3.1
